
Microsoft Visual Studio Solution File, Format Version 12.00
# Visual Studio Version 17
VisualStudioVersion = 17.6.33801.468
MinimumVisualStudioVersion = 10.0.40219.1
Project("{9A19103F-16F7-4668-BE54-9A1E7A4F7556}") = "App.Web.Mvc", "App.Web.Mvc\App.Web.Mvc.csproj", "{69D1DD78-39F5-4C28-AFDA-80E35C4E059B}"
EndProject
Project("{9A19103F-16F7-4668-BE54-9A1E7A4F7556}") = "App.Data", "App.Data\App.Data.csproj", "{5DD56A36-1E74-4C75-9E65-3A7A31E541D2}"
EndProject
Project("{9A19103F-16F7-4668-BE54-9A1E7A4F7556}") = "App.Service", "App.Service\App.Service.csproj", "{8A86D3A8-827E-43A5-9174-479A98E3B125}"
EndProject
Project("{9A19103F-16F7-4668-BE54-9A1E7A4F7556}") = "App.API", "App.API\App.API.csproj", "{9B838758-36D8-4BA1-B193-E44247726170}"
EndProject
Project("{9A19103F-16F7-4668-BE54-9A1E7A4F7556}") = "App.Admin", "App.Admin\App.Admin.csproj", "{2627566E-AFE2-42C2-8382-8700CE34AEAC}"
EndProject
Project("{9A19103F-16F7-4668-BE54-9A1E7A4F7556}") = "App.Doctor", "App.Doctor\App.Doctor.csproj", "{D5A0C46E-0AD7-4940-884E-D5F729662803}"
EndProject
Global
	GlobalSection(SolutionConfigurationPlatforms) = preSolution
		Debug|Any CPU = Debug|Any CPU
		Release|Any CPU = Release|Any CPU
	EndGlobalSection
	GlobalSection(ProjectConfigurationPlatforms) = postSolution
		{69D1DD78-39F5-4C28-AFDA-80E35C4E059B}.Debug|Any CPU.ActiveCfg = Debug|Any CPU
		{69D1DD78-39F5-4C28-AFDA-80E35C4E059B}.Debug|Any CPU.Build.0 = Debug|Any CPU
		{69D1DD78-39F5-4C28-AFDA-80E35C4E059B}.Release|Any CPU.ActiveCfg = Release|Any CPU
		{69D1DD78-39F5-4C28-AFDA-80E35C4E059B}.Release|Any CPU.Build.0 = Release|Any CPU
		{5DD56A36-1E74-4C75-9E65-3A7A31E541D2}.Debug|Any CPU.ActiveCfg = Debug|Any CPU
		{5DD56A36-1E74-4C75-9E65-3A7A31E541D2}.Debug|Any CPU.Build.0 = Debug|Any CPU
		{5DD56A36-1E74-4C75-9E65-3A7A31E541D2}.Release|Any CPU.ActiveCfg = Release|Any CPU
		{5DD56A36-1E74-4C75-9E65-3A7A31E541D2}.Release|Any CPU.Build.0 = Release|Any CPU
		{8A86D3A8-827E-43A5-9174-479A98E3B125}.Debug|Any CPU.ActiveCfg = Debug|Any CPU
		{8A86D3A8-827E-43A5-9174-479A98E3B125}.Debug|Any CPU.Build.0 = Debug|Any CPU
		{8A86D3A8-827E-43A5-9174-479A98E3B125}.Release|Any CPU.ActiveCfg = Release|Any CPU
		{8A86D3A8-827E-43A5-9174-479A98E3B125}.Release|Any CPU.Build.0 = Release|Any CPU
		{9B838758-36D8-4BA1-B193-E44247726170}.Debug|Any CPU.ActiveCfg = Debug|Any CPU
		{9B838758-36D8-4BA1-B193-E44247726170}.Debug|Any CPU.Build.0 = Debug|Any CPU
		{9B838758-36D8-4BA1-B193-E44247726170}.Release|Any CPU.ActiveCfg = Release|Any CPU
		{9B838758-36D8-4BA1-B193-E44247726170}.Release|Any CPU.Build.0 = Release|Any CPU
		{2627566E-AFE2-42C2-8382-8700CE34AEAC}.Debug|Any CPU.ActiveCfg = Debug|Any CPU
		{2627566E-AFE2-42C2-8382-8700CE34AEAC}.Debug|Any CPU.Build.0 = Debug|Any CPU
		{2627566E-AFE2-42C2-8382-8700CE34AEAC}.Release|Any CPU.ActiveCfg = Release|Any CPU
		{2627566E-AFE2-42C2-8382-8700CE34AEAC}.Release|Any CPU.Build.0 = Release|Any CPU
		{D5A0C46E-0AD7-4940-884E-D5F729662803}.Debug|Any CPU.ActiveCfg = Debug|Any CPU
		{D5A0C46E-0AD7-4940-884E-D5F729662803}.Debug|Any CPU.Build.0 = Debug|Any CPU
		{D5A0C46E-0AD7-4940-884E-D5F729662803}.Release|Any CPU.ActiveCfg = Release|Any CPU
		{D5A0C46E-0AD7-4940-884E-D5F729662803}.Release|Any CPU.Build.0 = Release|Any CPU
	EndGlobalSection
	GlobalSection(SolutionProperties) = preSolution
		HideSolutionNode = FALSE
	EndGlobalSection
	GlobalSection(ExtensibilityGlobals) = postSolution
		SolutionGuid = {E36A93FC-EBF3-4244-9192-889C37CB3904}
	EndGlobalSection
EndGlobal
